{
  "name": "decision-lab-fixture-stale",
  "lockfileVersion": 3,
  "packages": {
    "node_modules/stockfish": {
      "version": "18.0.9",
      "integrity": "sha512-FIXTUREintegrityFORaNEWERtarballTHATtheNOTICESdoNOTcarryYET==",
      "license": "GPL-3.0"
    },
    "node_modules/lightningcss": { "version": "1.32.0", "license": "MPL-2.0" }
  }
}
